{
  "name": "usgang.sg",
  "version": "1.0.0",
  "lockfileVersion": 3,
  "requires": true,
  "packages": {
    "": {
      "name": "usgang.sg",
      "version": "1.0.0",
      "license": "ISC",
      "dependencies": {
        "appwrite": "^15.0.0"
      }
    },
    "node_modules/appwrite": {
      "version": "15.0.0",
      "resolved": "https://registry.npmjs.org/appwrite/-/appwrite-15.0.0.tgz",
      "integrity": "sha512-rzmo+87tizYLs3YnRLets+vMUF85S/OHkgiGgp0UKcKJj0U1RktAsuIecFqRROKfkqs0fKzggRAIs3RCoYQQwA=="
    }
  }
}
